# This file is automatically @generated by Cargo.
# It is not intended for manual editing.
version = 4

[[package]]
name = "pokefetch"
version = "0.1.0"
dependencies = [
 "ruzstd",
]

[[package]]
name = "ruzstd"
version = "0.9.0"
source = "registry+https://github.com/rust-lang/crates.io-index"
checksum = "a252f5e20f038fe7b4ea53e073e65398d652c864cc162fc77c56c2f13717b888"
dependencies = [
 "twox-hash",
]

[[package]]
name = "twox-hash"
version = "2.1.4"
source = "registry+https://github.com/rust-lang/crates.io-index"
checksum = "5283634e518fe9e82c7b20520bb4bc209009fd16c82077c802f8111ecbb0117a"
